
Microsoft Visual Studio Solution File, Format Version 12.00
Project("{FAE04EC0-301F-11D3-BF4B-00C04F79EFBC}") = "WebApi", "WebApi\WebApi.csproj", "{3CF0A64A-CE4C-441E-8B74-AB07322A436C}"
EndProject
Project("{2150E333-8FDC-42A3-9474-1A3956D46DE8}") = "Utilities", "Utilities", "{066620A7-2D7D-400E-B6CF-391FC26032F9}"
EndProject
Project("{FAE04EC0-301F-11D3-BF4B-00C04F79EFBC}") = "Cable.Core", "Cable.Core\Cable.Core.csproj", "{5D9CFC19-E769-47F5-B441-54A8F8E52235}"
EndProject
Project("{2150E333-8FDC-42A3-9474-1A3956D46DE8}") = "Src", "Src", "{051C127C-FA83-4EE2-ACC7-C918E42059B8}"
EndProject
Project("{FAE04EC0-301F-11D3-BF4B-00C04F79EFBC}") = "Cable.Security.Encryption", "Cable.Security.Encryption\Cable.Security.Encryption.csproj", "{82416ECE-E0F4-4FA6-AB21-E8ED438A4DBD}"
EndProject
Project("{FAE04EC0-301F-11D3-BF4B-00C04F79EFBC}") = "Cable.Security.Jwt", "Cable.Security.Jwt\Cable.Security.Jwt.csproj", "{CC1F5CA3-B45C-4EAE-A0D8-3C484B824672}"
EndProject
Project("{FAE04EC0-301F-11D3-BF4B-00C04F79EFBC}") = "Cable.WebApi", "Cable.WebApi\Cable.WebApi.csproj", "{DFC479FD-0410-49E1-A471-BA0811A913AF}"
EndProject
Project("{FAE04EC0-301F-11D3-BF4B-00C04F79EFBC}") = "Application", "Application\Application.csproj", "{A657F7CC-A7C3-4363-923D-A6CCB9768698}"
EndProject
Project("{FAE04EC0-301F-11D3-BF4B-00C04F79EFBC}") = "Domain", "Domain\Domain.csproj", "{A31329D2-0BFD-4799-9349-CF9F28EFAFA9}"
EndProject
Project("{FAE04EC0-301F-11D3-BF4B-00C04F79EFBC}") = "Infrastructrue", "Infrastructrue\Infrastructrue.csproj", "{E70608EA-380C-42A7-A7DC-EE53D446646A}"
EndProject
Project("{2150E333-8FDC-42A3-9474-1A3956D46DE8}") = "Console", "Console", "{EAE5AE0E-3F83-42BA-88FC-93290EA949AC}"
EndProject
Project("{FAE04EC0-301F-11D3-BF4B-00C04F79EFBC}") = "PasswordHashing", "PasswordHashing\PasswordHashing.csproj", "{61A5D674-EA8D-4655-BA92-E8ECF111E174}"
EndProject
Project("{FAE04EC0-301F-11D3-BF4B-00C04F79EFBC}") = "PasswordEncryption", "PasswordEncryption\PasswordEncryption.csproj", "{D56F5B3B-75ED-42C6-92EA-9C96C2104885}"
EndProject
Project("{FAE04EC0-301F-11D3-BF4B-00C04F79EFBC}") = "Cable.WebApi.OpenAPI", "Cable.WebApi.OpenAPI\Cable.WebApi.OpenAPI.csproj", "{46B7E6D6-27C9-4E5E-95D0-C244BC79C7FD}"
EndProject
Global
	GlobalSection(SolutionConfigurationPlatforms) = preSolution
		Debug|Any CPU = Debug|Any CPU
		Release|Any CPU = Release|Any CPU
	EndGlobalSection
	GlobalSection(ProjectConfigurationPlatforms) = postSolution
		{3CF0A64A-CE4C-441E-8B74-AB07322A436C}.Debug|Any CPU.ActiveCfg = Debug|Any CPU
		{3CF0A64A-CE4C-441E-8B74-AB07322A436C}.Debug|Any CPU.Build.0 = Debug|Any CPU
		{3CF0A64A-CE4C-441E-8B74-AB07322A436C}.Release|Any CPU.ActiveCfg = Release|Any CPU
		{3CF0A64A-CE4C-441E-8B74-AB07322A436C}.Release|Any CPU.Build.0 = Release|Any CPU
		{5D9CFC19-E769-47F5-B441-54A8F8E52235}.Debug|Any CPU.ActiveCfg = Debug|Any CPU
		{5D9CFC19-E769-47F5-B441-54A8F8E52235}.Debug|Any CPU.Build.0 = Debug|Any CPU
		{5D9CFC19-E769-47F5-B441-54A8F8E52235}.Release|Any CPU.ActiveCfg = Release|Any CPU
		{5D9CFC19-E769-47F5-B441-54A8F8E52235}.Release|Any CPU.Build.0 = Release|Any CPU
		{82416ECE-E0F4-4FA6-AB21-E8ED438A4DBD}.Debug|Any CPU.ActiveCfg = Debug|Any CPU
		{82416ECE-E0F4-4FA6-AB21-E8ED438A4DBD}.Debug|Any CPU.Build.0 = Debug|Any CPU
		{82416ECE-E0F4-4FA6-AB21-E8ED438A4DBD}.Release|Any CPU.ActiveCfg = Release|Any CPU
		{82416ECE-E0F4-4FA6-AB21-E8ED438A4DBD}.Release|Any CPU.Build.0 = Release|Any CPU
		{CC1F5CA3-B45C-4EAE-A0D8-3C484B824672}.Debug|Any CPU.ActiveCfg = Debug|Any CPU
		{CC1F5CA3-B45C-4EAE-A0D8-3C484B824672}.Debug|Any CPU.Build.0 = Debug|Any CPU
		{CC1F5CA3-B45C-4EAE-A0D8-3C484B824672}.Release|Any CPU.ActiveCfg = Release|Any CPU
		{CC1F5CA3-B45C-4EAE-A0D8-3C484B824672}.Release|Any CPU.Build.0 = Release|Any CPU
		{DFC479FD-0410-49E1-A471-BA0811A913AF}.Debug|Any CPU.ActiveCfg = Debug|Any CPU
		{DFC479FD-0410-49E1-A471-BA0811A913AF}.Debug|Any CPU.Build.0 = Debug|Any CPU
		{DFC479FD-0410-49E1-A471-BA0811A913AF}.Release|Any CPU.ActiveCfg = Release|Any CPU
		{DFC479FD-0410-49E1-A471-BA0811A913AF}.Release|Any CPU.Build.0 = Release|Any CPU
		{A657F7CC-A7C3-4363-923D-A6CCB9768698}.Debug|Any CPU.ActiveCfg = Debug|Any CPU
		{A657F7CC-A7C3-4363-923D-A6CCB9768698}.Debug|Any CPU.Build.0 = Debug|Any CPU
		{A657F7CC-A7C3-4363-923D-A6CCB9768698}.Release|Any CPU.ActiveCfg = Release|Any CPU
		{A657F7CC-A7C3-4363-923D-A6CCB9768698}.Release|Any CPU.Build.0 = Release|Any CPU
		{A31329D2-0BFD-4799-9349-CF9F28EFAFA9}.Debug|Any CPU.ActiveCfg = Debug|Any CPU
		{A31329D2-0BFD-4799-9349-CF9F28EFAFA9}.Debug|Any CPU.Build.0 = Debug|Any CPU
		{A31329D2-0BFD-4799-9349-CF9F28EFAFA9}.Release|Any CPU.ActiveCfg = Release|Any CPU
		{A31329D2-0BFD-4799-9349-CF9F28EFAFA9}.Release|Any CPU.Build.0 = Release|Any CPU
		{E70608EA-380C-42A7-A7DC-EE53D446646A}.Debug|Any CPU.ActiveCfg = Debug|Any CPU
		{E70608EA-380C-42A7-A7DC-EE53D446646A}.Debug|Any CPU.Build.0 = Debug|Any CPU
		{E70608EA-380C-42A7-A7DC-EE53D446646A}.Release|Any CPU.ActiveCfg = Release|Any CPU
		{E70608EA-380C-42A7-A7DC-EE53D446646A}.Release|Any CPU.Build.0 = Release|Any CPU
		{61A5D674-EA8D-4655-BA92-E8ECF111E174}.Debug|Any CPU.ActiveCfg = Debug|Any CPU
		{61A5D674-EA8D-4655-BA92-E8ECF111E174}.Debug|Any CPU.Build.0 = Debug|Any CPU
		{61A5D674-EA8D-4655-BA92-E8ECF111E174}.Release|Any CPU.ActiveCfg = Release|Any CPU
		{61A5D674-EA8D-4655-BA92-E8ECF111E174}.Release|Any CPU.Build.0 = Release|Any CPU
		{D56F5B3B-75ED-42C6-92EA-9C96C2104885}.Debug|Any CPU.ActiveCfg = Debug|Any CPU
		{D56F5B3B-75ED-42C6-92EA-9C96C2104885}.Debug|Any CPU.Build.0 = Debug|Any CPU
		{D56F5B3B-75ED-42C6-92EA-9C96C2104885}.Release|Any CPU.ActiveCfg = Release|Any CPU
		{D56F5B3B-75ED-42C6-92EA-9C96C2104885}.Release|Any CPU.Build.0 = Release|Any CPU
		{46B7E6D6-27C9-4E5E-95D0-C244BC79C7FD}.Debug|Any CPU.ActiveCfg = Debug|Any CPU
		{46B7E6D6-27C9-4E5E-95D0-C244BC79C7FD}.Debug|Any CPU.Build.0 = Debug|Any CPU
		{46B7E6D6-27C9-4E5E-95D0-C244BC79C7FD}.Release|Any CPU.ActiveCfg = Release|Any CPU
		{46B7E6D6-27C9-4E5E-95D0-C244BC79C7FD}.Release|Any CPU.Build.0 = Release|Any CPU
	EndGlobalSection
	GlobalSection(NestedProjects) = preSolution
		{5D9CFC19-E769-47F5-B441-54A8F8E52235} = {066620A7-2D7D-400E-B6CF-391FC26032F9}
		{3CF0A64A-CE4C-441E-8B74-AB07322A436C} = {051C127C-FA83-4EE2-ACC7-C918E42059B8}
		{82416ECE-E0F4-4FA6-AB21-E8ED438A4DBD} = {066620A7-2D7D-400E-B6CF-391FC26032F9}
		{CC1F5CA3-B45C-4EAE-A0D8-3C484B824672} = {066620A7-2D7D-400E-B6CF-391FC26032F9}
		{DFC479FD-0410-49E1-A471-BA0811A913AF} = {066620A7-2D7D-400E-B6CF-391FC26032F9}
		{A657F7CC-A7C3-4363-923D-A6CCB9768698} = {051C127C-FA83-4EE2-ACC7-C918E42059B8}
		{A31329D2-0BFD-4799-9349-CF9F28EFAFA9} = {051C127C-FA83-4EE2-ACC7-C918E42059B8}
		{E70608EA-380C-42A7-A7DC-EE53D446646A} = {051C127C-FA83-4EE2-ACC7-C918E42059B8}
		{61A5D674-EA8D-4655-BA92-E8ECF111E174} = {EAE5AE0E-3F83-42BA-88FC-93290EA949AC}
		{D56F5B3B-75ED-42C6-92EA-9C96C2104885} = {EAE5AE0E-3F83-42BA-88FC-93290EA949AC}
		{46B7E6D6-27C9-4E5E-95D0-C244BC79C7FD} = {066620A7-2D7D-400E-B6CF-391FC26032F9}
	EndGlobalSection
EndGlobal
